
Microsoft Visual Studio Solution File, Format Version 12.00
# Visual Studio Version 16
VisualStudioVersion = 16.0.29806.167
MinimumVisualStudioVersion = 10.0.40219.1
Project("{FAE04EC0-301F-11D3-BF4B-00C04F79EFBC}") = "mukavemet", "mukavemet\mukavemet.csproj", "{7CD7CB90-D210-47DD-A96A-68658D539A1F}"
EndProject
Project("{54435603-DBB4-11D2-8724-00A0C9A8B90C}") = "Kur", "Kur\Kur.vdproj", "{E7B468E2-1F0D-44B8-9625-79685BF230CE}"
EndProject
Project("{2150E333-8FDC-42A3-9474-1A3956D46DE8}") = "Solution Items", "Solution Items", "{A0FDEE69-8439-4B11-B683-236E3F6E1EE4}"
	ProjectSection(SolutionItems) = preProject
		LICENSE.txt = LICENSE.txt
		README.md = README.md
	EndProjectSection
EndProject
Global
	GlobalSection(SolutionConfigurationPlatforms) = preSolution
		Debug|Any CPU = Debug|Any CPU
		Release|Any CPU = Release|Any CPU
	EndGlobalSection
	GlobalSection(ProjectConfigurationPlatforms) = postSolution
		{7CD7CB90-D210-47DD-A96A-68658D539A1F}.Debug|Any CPU.ActiveCfg = Debug|Any CPU
		{7CD7CB90-D210-47DD-A96A-68658D539A1F}.Debug|Any CPU.Build.0 = Debug|Any CPU
		{7CD7CB90-D210-47DD-A96A-68658D539A1F}.Release|Any CPU.ActiveCfg = Release|Any CPU
		{7CD7CB90-D210-47DD-A96A-68658D539A1F}.Release|Any CPU.Build.0 = Release|Any CPU
		{E7B468E2-1F0D-44B8-9625-79685BF230CE}.Debug|Any CPU.ActiveCfg = Debug
		{E7B468E2-1F0D-44B8-9625-79685BF230CE}.Release|Any CPU.ActiveCfg = Release
	EndGlobalSection
	GlobalSection(SolutionProperties) = preSolution
		HideSolutionNode = FALSE
	EndGlobalSection
	GlobalSection(ExtensibilityGlobals) = postSolution
		SolutionGuid = {A1F883D2-F378-4EE1-8751-230D70A18E15}
	EndGlobalSection
EndGlobal
